
Microsoft Visual Studio Solution File, Format Version 12.00
# Visual Studio 2013
VisualStudioVersion = 12.0.31101.0
MinimumVisualStudioVersion = 10.0.40219.1
Project("{FAE04EC0-301F-11D3-BF4B-00C04F79EFBC}") = "NVorbis", "NVorbis\NVorbis.csproj", "{A372E591-DFEF-49C4-9C82-98C4361EFCCD}"
EndProject
Global
	GlobalSection(SolutionConfigurationPlatforms) = preSolution
		Debug - Unsafe MDCT|Any CPU = Debug - Unsafe MDCT|Any CPU
		Debug|Any CPU = Debug|Any CPU
		Release - Unsafe MDCT|Any CPU = Release - Unsafe MDCT|Any CPU
		Release|Any CPU = Release|Any CPU
	EndGlobalSection
	GlobalSection(ProjectConfigurationPlatforms) = postSolution
		{A372E591-DFEF-49C4-9C82-98C4361EFCCD}.Debug - Unsafe MDCT|Any CPU.ActiveCfg = Debug - Unsafe MDCT|Any CPU
		{A372E591-DFEF-49C4-9C82-98C4361EFCCD}.Debug - Unsafe MDCT|Any CPU.Build.0 = Debug - Unsafe MDCT|Any CPU
		{A372E591-DFEF-49C4-9C82-98C4361EFCCD}.Debug|Any CPU.ActiveCfg = Debug|Any CPU
		{A372E591-DFEF-49C4-9C82-98C4361EFCCD}.Debug|Any CPU.Build.0 = Debug|Any CPU
		{A372E591-DFEF-49C4-9C82-98C4361EFCCD}.Release - Unsafe MDCT|Any CPU.ActiveCfg = Release - Unsafe MDCT|Any CPU
		{A372E591-DFEF-49C4-9C82-98C4361EFCCD}.Release - Unsafe MDCT|Any CPU.Build.0 = Release - Unsafe MDCT|Any CPU
		{A372E591-DFEF-49C4-9C82-98C4361EFCCD}.Release|Any CPU.ActiveCfg = Release|Any CPU
		{A372E591-DFEF-49C4-9C82-98C4361EFCCD}.Release|Any CPU.Build.0 = Release|Any CPU
	EndGlobalSection
	GlobalSection(SolutionProperties) = preSolution
		HideSolutionNode = FALSE
	EndGlobalSection
EndGlobal
